
Microsoft Visual Studio Solution File, Format Version 12.00
# Visual Studio Version 17
VisualStudioVersion = 17.3.32819.101
MinimumVisualStudioVersion = 10.0.40219.1
Project("{9A19103F-16F7-4668-BE54-9A1E7A4F7556}") = "Sean.Core.DbMigrator", "src\Sean.Core.DbMigrator\Sean.Core.DbMigrator.csproj", "{C462B8CA-4EDE-4677-8A85-B9359043DD13}"
EndProject
Project("{2150E333-8FDC-42A3-9474-1A3956D46DE8}") = "Test", "Test", "{0ED35229-C4B6-49B4-96EF-385E5FEB7DA4}"
EndProject
Project("{2150E333-8FDC-42A3-9474-1A3956D46DE8}") = "Examples", "Examples", "{15E4BC46-615B-40D1-BE97-A4D612D6AE14}"
EndProject
Project("{2150E333-8FDC-42A3-9474-1A3956D46DE8}") = "NetCore", "NetCore", "{DC4FF386-EA2E-47EC-B512-A5CAFFD1618D}"
EndProject
Project("{2150E333-8FDC-42A3-9474-1A3956D46DE8}") = "NetFramework", "NetFramework", "{C50FBBBE-0325-4341-B14F-33DF8850A65D}"
EndProject
Project("{FAE04EC0-301F-11D3-BF4B-00C04F79EFBC}") = "Example.ConsoleApp", "examples\NetFramework\Example.ConsoleApp\Example.ConsoleApp.csproj", "{A47BABFF-B70C-42A7-99E5-331E98071151}"
EndProject
Project("{9A19103F-16F7-4668-BE54-9A1E7A4F7556}") = "Example.ConsoleApp", "examples\NetCore\Example.ConsoleApp\Example.ConsoleApp.csproj", "{F2396080-8E07-4611-8BA0-4956FE8225D3}"
EndProject
Project("{9A19103F-16F7-4668-BE54-9A1E7A4F7556}") = "Test.DbMigrator", "test\Test.DbMigrator\Test.DbMigrator.csproj", "{308CB854-FB8D-4876-8383-DA61260B8455}"
EndProject
Project("{FAE04EC0-301F-11D3-BF4B-00C04F79EFBC}") = "Example.Domain", "examples\NetFramework\Example.Domain\Example.Domain.csproj", "{3CE237FE-8D62-40CA-8640-D013F611EFFE}"
EndProject
Project("{FAE04EC0-301F-11D3-BF4B-00C04F79EFBC}") = "Example.Application", "examples\NetFramework\Example.Application\Example.Application.csproj", "{C18E70D1-4DCB-4249-B4AD-91CB8AE30271}"
EndProject
Project("{FAE04EC0-301F-11D3-BF4B-00C04F79EFBC}") = "Example.Infrastructure", "examples\NetFramework\Example.Infrastructure\Example.Infrastructure.csproj", "{F53BEBF9-4001-407C-8530-14FEEBAC34FF}"
EndProject
Project("{FAE04EC0-301F-11D3-BF4B-00C04F79EFBC}") = "Example.Model", "examples\NetFramework\Example.Model\Example.Model.csproj", "{EE78C4B5-E1BA-4606-907D-4485E17E88AE}"
EndProject
Project("{9A19103F-16F7-4668-BE54-9A1E7A4F7556}") = "Example.Domain", "examples\NetCore\Example.Domain\Example.Domain.csproj", "{6AFC2EA4-1D12-4F93-BD7B-EFAC9858EFF3}"
EndProject
Project("{9A19103F-16F7-4668-BE54-9A1E7A4F7556}") = "Example.Application", "examples\NetCore\Example.Application\Example.Application.csproj", "{AE07F2B6-4965-469C-9C8D-82607E824E49}"
EndProject
Project("{9A19103F-16F7-4668-BE54-9A1E7A4F7556}") = "Example.Infrastructure", "examples\NetCore\Example.Infrastructure\Example.Infrastructure.csproj", "{BC9202BC-FBC1-4005-89F6-8178BC3CC9F4}"
EndProject
Project("{9A19103F-16F7-4668-BE54-9A1E7A4F7556}") = "Example.Model", "examples\NetCore\Example.Model\Example.Model.csproj", "{F7B52FAF-9157-4AF2-8E11-5622F0500DEF}"
EndProject
Project("{2150E333-8FDC-42A3-9474-1A3956D46DE8}") = "Solution Items", "Solution Items", "{8DE10744-E8A0-452A-9EB1-CFBF2EFC1DD0}"
	ProjectSection(SolutionItems) = preProject
		config\Common.props = config\Common.props
		README.md = README.md
	EndProjectSection
EndProject
Global
	GlobalSection(SolutionConfigurationPlatforms) = preSolution
		Debug|Any CPU = Debug|Any CPU
		Release|Any CPU = Release|Any CPU
	EndGlobalSection
	GlobalSection(ProjectConfigurationPlatforms) = postSolution
		{C462B8CA-4EDE-4677-8A85-B9359043DD13}.Debug|Any CPU.ActiveCfg = Debug|Any CPU
		{C462B8CA-4EDE-4677-8A85-B9359043DD13}.Debug|Any CPU.Build.0 = Debug|Any CPU
		{C462B8CA-4EDE-4677-8A85-B9359043DD13}.Release|Any CPU.ActiveCfg = Release|Any CPU
		{C462B8CA-4EDE-4677-8A85-B9359043DD13}.Release|Any CPU.Build.0 = Release|Any CPU
		{A47BABFF-B70C-42A7-99E5-331E98071151}.Debug|Any CPU.ActiveCfg = Debug|Any CPU
		{A47BABFF-B70C-42A7-99E5-331E98071151}.Debug|Any CPU.Build.0 = Debug|Any CPU
		{A47BABFF-B70C-42A7-99E5-331E98071151}.Release|Any CPU.ActiveCfg = Release|Any CPU
		{A47BABFF-B70C-42A7-99E5-331E98071151}.Release|Any CPU.Build.0 = Release|Any CPU
		{F2396080-8E07-4611-8BA0-4956FE8225D3}.Debug|Any CPU.ActiveCfg = Debug|Any CPU
		{F2396080-8E07-4611-8BA0-4956FE8225D3}.Debug|Any CPU.Build.0 = Debug|Any CPU
		{F2396080-8E07-4611-8BA0-4956FE8225D3}.Release|Any CPU.ActiveCfg = Release|Any CPU
		{F2396080-8E07-4611-8BA0-4956FE8225D3}.Release|Any CPU.Build.0 = Release|Any CPU
		{308CB854-FB8D-4876-8383-DA61260B8455}.Debug|Any CPU.ActiveCfg = Debug|Any CPU
		{308CB854-FB8D-4876-8383-DA61260B8455}.Debug|Any CPU.Build.0 = Debug|Any CPU
		{308CB854-FB8D-4876-8383-DA61260B8455}.Release|Any CPU.ActiveCfg = Release|Any CPU
		{308CB854-FB8D-4876-8383-DA61260B8455}.Release|Any CPU.Build.0 = Release|Any CPU
		{3CE237FE-8D62-40CA-8640-D013F611EFFE}.Debug|Any CPU.ActiveCfg = Debug|Any CPU
		{3CE237FE-8D62-40CA-8640-D013F611EFFE}.Debug|Any CPU.Build.0 = Debug|Any CPU
		{3CE237FE-8D62-40CA-8640-D013F611EFFE}.Release|Any CPU.ActiveCfg = Release|Any CPU
		{3CE237FE-8D62-40CA-8640-D013F611EFFE}.Release|Any CPU.Build.0 = Release|Any CPU
		{C18E70D1-4DCB-4249-B4AD-91CB8AE30271}.Debug|Any CPU.ActiveCfg = Debug|Any CPU
		{C18E70D1-4DCB-4249-B4AD-91CB8AE30271}.Debug|Any CPU.Build.0 = Debug|Any CPU
		{C18E70D1-4DCB-4249-B4AD-91CB8AE30271}.Release|Any CPU.ActiveCfg = Release|Any CPU
		{C18E70D1-4DCB-4249-B4AD-91CB8AE30271}.Release|Any CPU.Build.0 = Release|Any CPU
		{F53BEBF9-4001-407C-8530-14FEEBAC34FF}.Debug|Any CPU.ActiveCfg = Debug|Any CPU
		{F53BEBF9-4001-407C-8530-14FEEBAC34FF}.Debug|Any CPU.Build.0 = Debug|Any CPU
		{F53BEBF9-4001-407C-8530-14FEEBAC34FF}.Release|Any CPU.ActiveCfg = Release|Any CPU
		{F53BEBF9-4001-407C-8530-14FEEBAC34FF}.Release|Any CPU.Build.0 = Release|Any CPU
		{EE78C4B5-E1BA-4606-907D-4485E17E88AE}.Debug|Any CPU.ActiveCfg = Debug|Any CPU
		{EE78C4B5-E1BA-4606-907D-4485E17E88AE}.Debug|Any CPU.Build.0 = Debug|Any CPU
		{EE78C4B5-E1BA-4606-907D-4485E17E88AE}.Release|Any CPU.ActiveCfg = Release|Any CPU
		{EE78C4B5-E1BA-4606-907D-4485E17E88AE}.Release|Any CPU.Build.0 = Release|Any CPU
		{6AFC2EA4-1D12-4F93-BD7B-EFAC9858EFF3}.Debug|Any CPU.ActiveCfg = Debug|Any CPU
		{6AFC2EA4-1D12-4F93-BD7B-EFAC9858EFF3}.Debug|Any CPU.Build.0 = Debug|Any CPU
		{6AFC2EA4-1D12-4F93-BD7B-EFAC9858EFF3}.Release|Any CPU.ActiveCfg = Release|Any CPU
		{6AFC2EA4-1D12-4F93-BD7B-EFAC9858EFF3}.Release|Any CPU.Build.0 = Release|Any CPU
		{AE07F2B6-4965-469C-9C8D-82607E824E49}.Debug|Any CPU.ActiveCfg = Debug|Any CPU
		{AE07F2B6-4965-469C-9C8D-82607E824E49}.Debug|Any CPU.Build.0 = Debug|Any CPU
		{AE07F2B6-4965-469C-9C8D-82607E824E49}.Release|Any CPU.ActiveCfg = Release|Any CPU
		{AE07F2B6-4965-469C-9C8D-82607E824E49}.Release|Any CPU.Build.0 = Release|Any CPU
		{BC9202BC-FBC1-4005-89F6-8178BC3CC9F4}.Debug|Any CPU.ActiveCfg = Debug|Any CPU
		{BC9202BC-FBC1-4005-89F6-8178BC3CC9F4}.Debug|Any CPU.Build.0 = Debug|Any CPU
		{BC9202BC-FBC1-4005-89F6-8178BC3CC9F4}.Release|Any CPU.ActiveCfg = Release|Any CPU
		{BC9202BC-FBC1-4005-89F6-8178BC3CC9F4}.Release|Any CPU.Build.0 = Release|Any CPU
		{F7B52FAF-9157-4AF2-8E11-5622F0500DEF}.Debug|Any CPU.ActiveCfg = Debug|Any CPU
		{F7B52FAF-9157-4AF2-8E11-5622F0500DEF}.Debug|Any CPU.Build.0 = Debug|Any CPU
		{F7B52FAF-9157-4AF2-8E11-5622F0500DEF}.Release|Any CPU.ActiveCfg = Release|Any CPU
		{F7B52FAF-9157-4AF2-8E11-5622F0500DEF}.Release|Any CPU.Build.0 = Release|Any CPU
	EndGlobalSection
	GlobalSection(SolutionProperties) = preSolution
		HideSolutionNode = FALSE
	EndGlobalSection
	GlobalSection(NestedProjects) = preSolution
		{DC4FF386-EA2E-47EC-B512-A5CAFFD1618D} = {15E4BC46-615B-40D1-BE97-A4D612D6AE14}
		{C50FBBBE-0325-4341-B14F-33DF8850A65D} = {15E4BC46-615B-40D1-BE97-A4D612D6AE14}
		{A47BABFF-B70C-42A7-99E5-331E98071151} = {C50FBBBE-0325-4341-B14F-33DF8850A65D}
		{F2396080-8E07-4611-8BA0-4956FE8225D3} = {DC4FF386-EA2E-47EC-B512-A5CAFFD1618D}
		{308CB854-FB8D-4876-8383-DA61260B8455} = {0ED35229-C4B6-49B4-96EF-385E5FEB7DA4}
		{3CE237FE-8D62-40CA-8640-D013F611EFFE} = {C50FBBBE-0325-4341-B14F-33DF8850A65D}
		{C18E70D1-4DCB-4249-B4AD-91CB8AE30271} = {C50FBBBE-0325-4341-B14F-33DF8850A65D}
		{F53BEBF9-4001-407C-8530-14FEEBAC34FF} = {C50FBBBE-0325-4341-B14F-33DF8850A65D}
		{EE78C4B5-E1BA-4606-907D-4485E17E88AE} = {C50FBBBE-0325-4341-B14F-33DF8850A65D}
		{6AFC2EA4-1D12-4F93-BD7B-EFAC9858EFF3} = {DC4FF386-EA2E-47EC-B512-A5CAFFD1618D}
		{AE07F2B6-4965-469C-9C8D-82607E824E49} = {DC4FF386-EA2E-47EC-B512-A5CAFFD1618D}
		{BC9202BC-FBC1-4005-89F6-8178BC3CC9F4} = {DC4FF386-EA2E-47EC-B512-A5CAFFD1618D}
		{F7B52FAF-9157-4AF2-8E11-5622F0500DEF} = {DC4FF386-EA2E-47EC-B512-A5CAFFD1618D}
	EndGlobalSection
	GlobalSection(ExtensibilityGlobals) = postSolution
		SolutionGuid = {18AD9DBE-5C23-4B28-94AD-34081A6546C4}
	EndGlobalSection
EndGlobal
